
Microsoft Visual Studio Solution File, Format Version 12.00
# Visual Studio Version 17
VisualStudioVersion = 17.7.34202.233
MinimumVisualStudioVersion = 10.0.40219.1
Project("{9A19103F-16F7-4668-BE54-9A1E7A4F7556}") = "Project.WebApi", "Project.WebApi\Project.WebApi.csproj", "{285E45D2-3A2F-4287-A65A-F9FA4B57DBF1}"
EndProject
Project("{9A19103F-16F7-4668-BE54-9A1E7A4F7556}") = "Project.DataContext", "Project.DataContext\Project.DataContext.csproj", "{A22CD1D4-22A1-4535-976D-B1B58F405D19}"
EndProject
Project("{9A19103F-16F7-4668-BE54-9A1E7A4F7556}") = "Project.Repository", "Project.Repository\Project.Repository.csproj", "{BEDBF479-456D-4544-98C9-9DF7BA06B2D4}"
EndProject
Project("{9A19103F-16F7-4668-BE54-9A1E7A4F7556}") = "Project.Common", "Project.Common\Project.Common.csproj", "{18EADDB2-84BB-4D66-A53C-AE159EAE5AE6}"
EndProject
Project("{9A19103F-16F7-4668-BE54-9A1E7A4F7556}") = "Project.Service", "Project.Service\Project.Service.csproj", "{59E261D4-A5A6-45EB-96BB-59F1B45BBA04}"
EndProject
Global
	GlobalSection(SolutionConfigurationPlatforms) = preSolution
		Debug|Any CPU = Debug|Any CPU
		Release|Any CPU = Release|Any CPU
	EndGlobalSection
	GlobalSection(ProjectConfigurationPlatforms) = postSolution
		{285E45D2-3A2F-4287-A65A-F9FA4B57DBF1}.Debug|Any CPU.ActiveCfg = Debug|Any CPU
		{285E45D2-3A2F-4287-A65A-F9FA4B57DBF1}.Debug|Any CPU.Build.0 = Debug|Any CPU
		{285E45D2-3A2F-4287-A65A-F9FA4B57DBF1}.Release|Any CPU.ActiveCfg = Release|Any CPU
		{285E45D2-3A2F-4287-A65A-F9FA4B57DBF1}.Release|Any CPU.Build.0 = Release|Any CPU
		{A22CD1D4-22A1-4535-976D-B1B58F405D19}.Debug|Any CPU.ActiveCfg = Debug|Any CPU
		{A22CD1D4-22A1-4535-976D-B1B58F405D19}.Debug|Any CPU.Build.0 = Debug|Any CPU
		{A22CD1D4-22A1-4535-976D-B1B58F405D19}.Release|Any CPU.ActiveCfg = Release|Any CPU
		{A22CD1D4-22A1-4535-976D-B1B58F405D19}.Release|Any CPU.Build.0 = Release|Any CPU
		{BEDBF479-456D-4544-98C9-9DF7BA06B2D4}.Debug|Any CPU.ActiveCfg = Debug|Any CPU
		{BEDBF479-456D-4544-98C9-9DF7BA06B2D4}.Debug|Any CPU.Build.0 = Debug|Any CPU
		{BEDBF479-456D-4544-98C9-9DF7BA06B2D4}.Release|Any CPU.ActiveCfg = Release|Any CPU
		{BEDBF479-456D-4544-98C9-9DF7BA06B2D4}.Release|Any CPU.Build.0 = Release|Any CPU
		{18EADDB2-84BB-4D66-A53C-AE159EAE5AE6}.Debug|Any CPU.ActiveCfg = Debug|Any CPU
		{18EADDB2-84BB-4D66-A53C-AE159EAE5AE6}.Debug|Any CPU.Build.0 = Debug|Any CPU
		{18EADDB2-84BB-4D66-A53C-AE159EAE5AE6}.Release|Any CPU.ActiveCfg = Release|Any CPU
		{18EADDB2-84BB-4D66-A53C-AE159EAE5AE6}.Release|Any CPU.Build.0 = Release|Any CPU
		{59E261D4-A5A6-45EB-96BB-59F1B45BBA04}.Debug|Any CPU.ActiveCfg = Debug|Any CPU
		{59E261D4-A5A6-45EB-96BB-59F1B45BBA04}.Debug|Any CPU.Build.0 = Debug|Any CPU
		{59E261D4-A5A6-45EB-96BB-59F1B45BBA04}.Release|Any CPU.ActiveCfg = Release|Any CPU
		{59E261D4-A5A6-45EB-96BB-59F1B45BBA04}.Release|Any CPU.Build.0 = Release|Any CPU
	EndGlobalSection
	GlobalSection(SolutionProperties) = preSolution
		HideSolutionNode = FALSE
	EndGlobalSection
	GlobalSection(ExtensibilityGlobals) = postSolution
		SolutionGuid = {D072181A-78F3-4DF0-A775-A2807AB1A42A}
	EndGlobalSection
EndGlobal
